
Microsoft Visual Studio Solution File, Format Version 12.00
# Visual Studio Version 17
VisualStudioVersion = 17.3.32901.215
MinimumVisualStudioVersion = 10.0.40219.1
Project("{FAE04EC0-301F-11D3-BF4B-00C04F79EFBC}") = "solistech_Pizza", "solistech_Pizza\solistech_Pizza.csproj", "{564A3121-02CD-4FB5-B558-00B80DAFE186}"
EndProject
Global
	GlobalSection(SolutionConfigurationPlatforms) = preSolution
		Debug|Any CPU = Debug|Any CPU
		Release|Any CPU = Release|Any CPU
	EndGlobalSection
	GlobalSection(ProjectConfigurationPlatforms) = postSolution
		{564A3121-02CD-4FB5-B558-00B80DAFE186}.Debug|Any CPU.ActiveCfg = Debug|Any CPU
		{564A3121-02CD-4FB5-B558-00B80DAFE186}.Debug|Any CPU.Build.0 = Debug|Any CPU
		{564A3121-02CD-4FB5-B558-00B80DAFE186}.Release|Any CPU.ActiveCfg = Release|Any CPU
		{564A3121-02CD-4FB5-B558-00B80DAFE186}.Release|Any CPU.Build.0 = Release|Any CPU
	EndGlobalSection
	GlobalSection(SolutionProperties) = preSolution
		HideSolutionNode = FALSE
	EndGlobalSection
	GlobalSection(ExtensibilityGlobals) = postSolution
		SolutionGuid = {7B6A3E1E-3499-42A6-8949-D812848B40C3}
	EndGlobalSection
EndGlobal
